
Microsoft Visual Studio Solution File, Format Version 12.00
# Visual Studio Version 17
VisualStudioVersion = 17.3.32922.545
MinimumVisualStudioVersion = 10.0.40219.1
Project("{FAE04EC0-301F-11D3-BF4B-00C04F79EFBC}") = "lab1", "lab1.csproj", "{0C993E5C-0D36-4805-95C7-F089C510AECC}"
EndProject
Global
	GlobalSection(SolutionConfigurationPlatforms) = preSolution
		Debug|Any CPU = Debug|Any CPU
		Release|Any CPU = Release|Any CPU
	EndGlobalSection
	GlobalSection(ProjectConfigurationPlatforms) = postSolution
		{0C993E5C-0D36-4805-95C7-F089C510AECC}.Debug|Any CPU.ActiveCfg = Debug|Any CPU
		{0C993E5C-0D36-4805-95C7-F089C510AECC}.Debug|Any CPU.Build.0 = Debug|Any CPU
		{0C993E5C-0D36-4805-95C7-F089C510AECC}.Release|Any CPU.ActiveCfg = Release|Any CPU
		{0C993E5C-0D36-4805-95C7-F089C510AECC}.Release|Any CPU.Build.0 = Release|Any CPU
	EndGlobalSection
	GlobalSection(SolutionProperties) = preSolution
		HideSolutionNode = FALSE
	EndGlobalSection
	GlobalSection(ExtensibilityGlobals) = postSolution
		SolutionGuid = {22771580-C72A-4415-8D96-A73FF1F40CD8}
	EndGlobalSection
EndGlobal
